uuid: ed28aa87-713c-44d9-9159-28bc6831a4e0
langcode: en
status: true
dependencies:
  content:
    - 'block_content:services_block:22098c8b-d42d-40f6-8148-cd7bcd0f2894'
  module:
    - block_class
    - block_content
  theme:
    - fronkit
third_party_settings:
  block_class:
    classes: block-services
id: servicesblock
theme: fronkit
region: content
weight: -10
provider: null
plugin: 'block_content:22098c8b-d42d-40f6-8148-cd7bcd0f2894'
settings:
  id: 'block_content:22098c8b-d42d-40f6-8148-cd7bcd0f2894'
  label: Services
  provider: block_content
  label_display: visible
  status: true
  info: ''
  view_mode: full
visibility: {  }
