uuid: 8f77021b-c7d0-4a01-bfa2-6bfadaf953c8
langcode: en
status: false
dependencies:
  content:
    - 'block_content:about_us_block:bce2cff0-2717-4848-987d-c686bbbff2f6'
  module:
    - block_class
    - block_content
  theme:
    - fronkit
third_party_settings:
  block_class:
    classes: 'block-about-us bg-gray-100'
id: aboutusblock
theme: fronkit
region: content
weight: -11
provider: null
plugin: 'block_content:bce2cff0-2717-4848-987d-c686bbbff2f6'
settings:
  id: 'block_content:bce2cff0-2717-4848-987d-c686bbbff2f6'
  label: 'Who We Are?'
  provider: block_content
  label_display: visible
  status: true
  info: ''
  view_mode: full
visibility: {  }
