uuid: b6ac2f04-12ad-4df9-8596-650486299f9a
langcode: en
status: true
dependencies:
  content:
    - 'block_content:basic:16ee4855-7231-40f4-a09f-ab5cd218fa3b'
  module:
    - block_class
    - block_content
  theme:
    - fronkit
third_party_settings:
  block_class:
    classes: 'col-12 col-md-6'
id: copyrightblock
theme: fronkit
region: footer_bottom
weight: 0
provider: null
plugin: 'block_content:16ee4855-7231-40f4-a09f-ab5cd218fa3b'
settings:
  id: 'block_content:16ee4855-7231-40f4-a09f-ab5cd218fa3b'
  label: 'Copyright Block'
  provider: block_content
  label_display: '0'
  status: true
  info: ''
  view_mode: full
visibility: {  }
