uuid: aa3cd501-384e-4162-b990-4342efe258bd
langcode: en
status: false
dependencies:
  content:
    - 'block_content:call_to_action:0cf4fcca-5a40-4fe6-a027-bc478c969106'
  module:
    - block_class
    - block_content
  theme:
    - fronkit
third_party_settings:
  block_class:
    classes: col-6
id: ctajoinusblock
theme: fronkit
region: content
weight: -3
provider: null
plugin: 'block_content:0cf4fcca-5a40-4fe6-a027-bc478c969106'
settings:
  id: 'block_content:0cf4fcca-5a40-4fe6-a027-bc478c969106'
  label: 'Our job offers'
  provider: block_content
  label_display: visible
  status: true
  info: ''
  view_mode: full
visibility: {  }
